
Microsoft Visual Studio Solution File, Format Version 12.00
# Visual Studio Version 17
VisualStudioVersion = 17.7.34202.233
MinimumVisualStudioVersion = 10.0.40219.1
Project("{9A19103F-16F7-4668-BE54-9A1E7A4F7556}") = "DebugView", "DebugView\DebugView.csproj", "{9C425F46-20CB-46F1-92C5-19AFAE7F049A}"
EndProject
Project("{9A19103F-16F7-4668-BE54-9A1E7A4F7556}") = "EmeraldPowersBoss", "EmeraldPowersBoss\EmeraldPowersBoss.csproj", "{1E2A4D43-E5A1-4456-A65A-3A8A3B94F32C}"
EndProject
Project("{9A19103F-16F7-4668-BE54-9A1E7A4F7556}") = "SpeedTracker", "SpeedTracker\SpeedTracker.csproj", "{4F29C182-781B-4ABA-AEF3-988EEE0F580B}"
EndProject
Project("{9A19103F-16F7-4668-BE54-9A1E7A4F7556}") = "AlwaysOnMusic", "AlwaysOnMusic\AlwaysOnMusic.csproj", "{D6289732-6EB0-4FB3-90FF-E93B4319D665}"
EndProject
Project("{9A19103F-16F7-4668-BE54-9A1E7A4F7556}") = "EmeraldPowersMusic", "EmeraldPowersMusic\EmeraldPowersMusic.csproj", "{306A5544-D767-472D-A9D2-1031FA17371F}"
EndProject
Project("{9A19103F-16F7-4668-BE54-9A1E7A4F7556}") = "SpinDashFix", "SpinDashFix\SpinDashFix.csproj", "{F1EB08EB-BD5E-495E-B692-D21B27D60F05}"
EndProject
Project("{9A19103F-16F7-4668-BE54-9A1E7A4F7556}") = "EmeraldPowersCancellable", "EmeraldPowersCancellable\EmeraldPowersCancellable.csproj", "{A4444FB4-EF29-42CF-A2F7-4EBF91BD3832}"
EndProject
Project("{9A19103F-16F7-4668-BE54-9A1E7A4F7556}") = "QuickDeath", "QuickDeath\QuickDeath.csproj", "{A95D5C69-9393-4053-A847-5970E9B4EDA2}"
EndProject
Project("{9A19103F-16F7-4668-BE54-9A1E7A4F7556}") = "PressFactoryDisableDrone", "PressFactoryDisableDrone\PressFactoryDisableDrone.csproj", "{297031F0-776B-41F8-B102-92B5EA40A7EC}"
EndProject
Project("{9A19103F-16F7-4668-BE54-9A1E7A4F7556}") = "RemoveInductionEmerald", "RemoveInductionEmerald\RemoveInductionEmerald.csproj", "{484907C6-C1B8-41AB-BAB7-131085DC1D2E}"
EndProject
Project("{9A19103F-16F7-4668-BE54-9A1E7A4F7556}") = "KnucklesGlideSpeed", "KnucklesGlideSpeed\KnucklesGlideSpeed.csproj", "{F17E20EC-BC17-4A16-A2B2-CB040845998C}"
EndProject
Project("{9A19103F-16F7-4668-BE54-9A1E7A4F7556}") = "RemoveVoxelPlayer", "RemoveVoxelPlayer\RemoveVoxelPlayer.csproj", "{481088AE-1545-4C60-A0C2-7962C9650976}"
EndProject
Project("{9A19103F-16F7-4668-BE54-9A1E7A4F7556}") = "PlayerWarp", "PlayerWarp\PlayerWarp.csproj", "{260229FF-8E0B-48B0-AE1F-88984AFD2593}"
EndProject
Project("{9A19103F-16F7-4668-BE54-9A1E7A4F7556}") = "ChangeCharacterBetweenActs", "ChangeCharacterBetweenActs\ChangeCharacterBetweenActs.csproj", "{29FA33A6-F630-4B48-8728-479D5BD67942}"
EndProject
Global
	GlobalSection(SolutionConfigurationPlatforms) = preSolution
		Debug|Any CPU = Debug|Any CPU
		Release|Any CPU = Release|Any CPU
	EndGlobalSection
	GlobalSection(ProjectConfigurationPlatforms) = postSolution
		{9C425F46-20CB-46F1-92C5-19AFAE7F049A}.Debug|Any CPU.ActiveCfg = Debug|Any CPU
		{9C425F46-20CB-46F1-92C5-19AFAE7F049A}.Debug|Any CPU.Build.0 = Debug|Any CPU
		{9C425F46-20CB-46F1-92C5-19AFAE7F049A}.Release|Any CPU.ActiveCfg = Release|Any CPU
		{9C425F46-20CB-46F1-92C5-19AFAE7F049A}.Release|Any CPU.Build.0 = Release|Any CPU
		{1E2A4D43-E5A1-4456-A65A-3A8A3B94F32C}.Debug|Any CPU.ActiveCfg = Debug|Any CPU
		{1E2A4D43-E5A1-4456-A65A-3A8A3B94F32C}.Debug|Any CPU.Build.0 = Debug|Any CPU
		{1E2A4D43-E5A1-4456-A65A-3A8A3B94F32C}.Release|Any CPU.ActiveCfg = Release|Any CPU
		{1E2A4D43-E5A1-4456-A65A-3A8A3B94F32C}.Release|Any CPU.Build.0 = Release|Any CPU
		{4F29C182-781B-4ABA-AEF3-988EEE0F580B}.Debug|Any CPU.ActiveCfg = Debug|Any CPU
		{4F29C182-781B-4ABA-AEF3-988EEE0F580B}.Debug|Any CPU.Build.0 = Debug|Any CPU
		{4F29C182-781B-4ABA-AEF3-988EEE0F580B}.Release|Any CPU.ActiveCfg = Release|Any CPU
		{4F29C182-781B-4ABA-AEF3-988EEE0F580B}.Release|Any CPU.Build.0 = Release|Any CPU
		{D6289732-6EB0-4FB3-90FF-E93B4319D665}.Debug|Any CPU.ActiveCfg = Debug|Any CPU
		{D6289732-6EB0-4FB3-90FF-E93B4319D665}.Debug|Any CPU.Build.0 = Debug|Any CPU
		{D6289732-6EB0-4FB3-90FF-E93B4319D665}.Release|Any CPU.ActiveCfg = Release|Any CPU
		{D6289732-6EB0-4FB3-90FF-E93B4319D665}.Release|Any CPU.Build.0 = Release|Any CPU
		{306A5544-D767-472D-A9D2-1031FA17371F}.Debug|Any CPU.ActiveCfg = Debug|Any CPU
		{306A5544-D767-472D-A9D2-1031FA17371F}.Debug|Any CPU.Build.0 = Debug|Any CPU
		{306A5544-D767-472D-A9D2-1031FA17371F}.Release|Any CPU.ActiveCfg = Release|Any CPU
		{306A5544-D767-472D-A9D2-1031FA17371F}.Release|Any CPU.Build.0 = Release|Any CPU
		{F1EB08EB-BD5E-495E-B692-D21B27D60F05}.Debug|Any CPU.ActiveCfg = Debug|Any CPU
		{F1EB08EB-BD5E-495E-B692-D21B27D60F05}.Debug|Any CPU.Build.0 = Debug|Any CPU
		{F1EB08EB-BD5E-495E-B692-D21B27D60F05}.Release|Any CPU.ActiveCfg = Release|Any CPU
		{F1EB08EB-BD5E-495E-B692-D21B27D60F05}.Release|Any CPU.Build.0 = Release|Any CPU
		{A4444FB4-EF29-42CF-A2F7-4EBF91BD3832}.Debug|Any CPU.ActiveCfg = Debug|Any CPU
		{A4444FB4-EF29-42CF-A2F7-4EBF91BD3832}.Debug|Any CPU.Build.0 = Debug|Any CPU
		{A4444FB4-EF29-42CF-A2F7-4EBF91BD3832}.Release|Any CPU.ActiveCfg = Release|Any CPU
		{A4444FB4-EF29-42CF-A2F7-4EBF91BD3832}.Release|Any CPU.Build.0 = Release|Any CPU
		{A95D5C69-9393-4053-A847-5970E9B4EDA2}.Debug|Any CPU.ActiveCfg = Debug|Any CPU
		{A95D5C69-9393-4053-A847-5970E9B4EDA2}.Debug|Any CPU.Build.0 = Debug|Any CPU
		{A95D5C69-9393-4053-A847-5970E9B4EDA2}.Release|Any CPU.ActiveCfg = Release|Any CPU
		{A95D5C69-9393-4053-A847-5970E9B4EDA2}.Release|Any CPU.Build.0 = Release|Any CPU
		{297031F0-776B-41F8-B102-92B5EA40A7EC}.Debug|Any CPU.ActiveCfg = Debug|Any CPU
		{297031F0-776B-41F8-B102-92B5EA40A7EC}.Debug|Any CPU.Build.0 = Debug|Any CPU
		{297031F0-776B-41F8-B102-92B5EA40A7EC}.Release|Any CPU.ActiveCfg = Release|Any CPU
		{297031F0-776B-41F8-B102-92B5EA40A7EC}.Release|Any CPU.Build.0 = Release|Any CPU
		{484907C6-C1B8-41AB-BAB7-131085DC1D2E}.Debug|Any CPU.ActiveCfg = Debug|Any CPU
		{484907C6-C1B8-41AB-BAB7-131085DC1D2E}.Debug|Any CPU.Build.0 = Debug|Any CPU
		{484907C6-C1B8-41AB-BAB7-131085DC1D2E}.Release|Any CPU.ActiveCfg = Release|Any CPU
		{484907C6-C1B8-41AB-BAB7-131085DC1D2E}.Release|Any CPU.Build.0 = Release|Any CPU
		{F17E20EC-BC17-4A16-A2B2-CB040845998C}.Debug|Any CPU.ActiveCfg = Debug|Any CPU
		{F17E20EC-BC17-4A16-A2B2-CB040845998C}.Debug|Any CPU.Build.0 = Debug|Any CPU
		{F17E20EC-BC17-4A16-A2B2-CB040845998C}.Release|Any CPU.ActiveCfg = Release|Any CPU
		{F17E20EC-BC17-4A16-A2B2-CB040845998C}.Release|Any CPU.Build.0 = Release|Any CPU
		{481088AE-1545-4C60-A0C2-7962C9650976}.Debug|Any CPU.ActiveCfg = Debug|Any CPU
		{481088AE-1545-4C60-A0C2-7962C9650976}.Debug|Any CPU.Build.0 = Debug|Any CPU
		{481088AE-1545-4C60-A0C2-7962C9650976}.Release|Any CPU.ActiveCfg = Release|Any CPU
		{481088AE-1545-4C60-A0C2-7962C9650976}.Release|Any CPU.Build.0 = Release|Any CPU
		{260229FF-8E0B-48B0-AE1F-88984AFD2593}.Debug|Any CPU.ActiveCfg = Debug|Any CPU
		{260229FF-8E0B-48B0-AE1F-88984AFD2593}.Debug|Any CPU.Build.0 = Debug|Any CPU
		{260229FF-8E0B-48B0-AE1F-88984AFD2593}.Release|Any CPU.ActiveCfg = Release|Any CPU
		{260229FF-8E0B-48B0-AE1F-88984AFD2593}.Release|Any CPU.Build.0 = Release|Any CPU
		{29FA33A6-F630-4B48-8728-479D5BD67942}.Debug|Any CPU.ActiveCfg = Debug|Any CPU
		{29FA33A6-F630-4B48-8728-479D5BD67942}.Debug|Any CPU.Build.0 = Debug|Any CPU
		{29FA33A6-F630-4B48-8728-479D5BD67942}.Release|Any CPU.ActiveCfg = Release|Any CPU
		{29FA33A6-F630-4B48-8728-479D5BD67942}.Release|Any CPU.Build.0 = Release|Any CPU
	EndGlobalSection
	GlobalSection(SolutionProperties) = preSolution
		HideSolutionNode = FALSE
	EndGlobalSection
	GlobalSection(ExtensibilityGlobals) = postSolution
		SolutionGuid = {BC911A5F-EFDC-442E-8C04-B1B6B98C0E3F}
	EndGlobalSection
EndGlobal
